// !$*UTF8*$!
{
	archiveVersion = 1;
	classes = {
	};
	objectVersion = 56;
	objects = {

/* Begin PBXBuildFile section */
		SD00000000000018AA /* SamuraiDamashiiApp.swift in Sources */ = {isa = PBXBuildFile; fileRef = SD0000000000000FAA /* SamuraiDamashiiApp.swift */; };
		SD00000000000019AA /* ContentView.swift in Sources */ = {isa = PBXBuildFile; fileRef = SD00000000000010AA /* ContentView.swift */; };
		SD0000000000001AAA /* VoiceView.swift in Sources */ = {isa = PBXBuildFile; fileRef = SD00000000000011AA /* VoiceView.swift */; };
		SD0000000000001BAA /* FilePickerView.swift in Sources */ = {isa = PBXBuildFile; fileRef = SD00000000000012AA /* FilePickerView.swift */; };
		SD0000000000001CAA /* TextInputView.swift in Sources */ = {isa = PBXBuildFile; fileRef = SD00000000000013AA /* TextInputView.swift */; };
		SD0000000000001DAA /* DeleteView.swift in Sources */ = {isa = PBXBuildFile; fileRef = SD00000000000014AA /* DeleteView.swift */; };
		SD0000000000001EAA /* APIService.swift in Sources */ = {isa = PBXBuildFile; fileRef = SD00000000000015AA /* APIService.swift */; };
		SD00000000000021AA /* GoogleCalendarService.swift in Sources */ = {isa = PBXBuildFile; fileRef = SD00000000000020AA /* GoogleCalendarService.swift */; };
/* End PBXBuildFile section */

/* Begin PBXFileReference section */
		SD0000000000000EAA /* SamuraiDamashii.app */ = {isa = PBXFileReference; explicitFileType = wrapper.application; includeInIndex = 0; path = SamuraiDamashii.app; sourceTree = BUILT_PRODUCTS_DIR; };
		SD0000000000000FAA /* SamuraiDamashiiApp.swift */ = {isa = PBXFileReference; lastKnownFileType = sourcecode.swift; path = SamuraiDamashiiApp.swift; sourceTree = "<group>"; };
		SD00000000000010AA /* ContentView.swift */ = {isa = PBXFileReference; lastKnownFileType = sourcecode.swift; path = ContentView.swift; sourceTree = "<group>"; };
		SD00000000000011AA /* VoiceView.swift */ = {isa = PBXFileReference; lastKnownFileType = sourcecode.swift; path = VoiceView.swift; sourceTree = "<group>"; };
		SD00000000000012AA /* FilePickerView.swift */ = {isa = PBXFileReference; lastKnownFileType = sourcecode.swift; path = FilePickerView.swift; sourceTree = "<group>"; };
		SD00000000000013AA /* TextInputView.swift */ = {isa = PBXFileReference; lastKnownFileType = sourcecode.swift; path = TextInputView.swift; sourceTree = "<group>"; };
		SD00000000000014AA /* DeleteView.swift */ = {isa = PBXFileReference; lastKnownFileType = sourcecode.swift; path = DeleteView.swift; sourceTree = "<group>"; };
		SD00000000000015AA /* APIService.swift */ = {isa = PBXFileReference; lastKnownFileType = sourcecode.swift; path = APIService.swift; sourceTree = "<group>"; };
		SD00000000000016AA /* Info.plist */ = {isa = PBXFileReference; lastKnownFileType = text.plist.xml; path = Info.plist; sourceTree = "<group>"; };
		SD00000000000017AA /* SamuraiDamashii.entitlements */ = {isa = PBXFileReference; lastKnownFileType = text.plist.entitlements; path = SamuraiDamashii.entitlements; sourceTree = "<group>"; };
		SD00000000000020AA /* GoogleCalendarService.swift */ = {isa = PBXFileReference; lastKnownFileType = sourcecode.swift; path = GoogleCalendarService.swift; sourceTree = "<group>"; };
/* End PBXFileReference section */

/* Begin PBXFrameworksBuildPhase section */
		SD00000000000006AA /* Frameworks */ = {
			isa = PBXFrameworksBuildPhase;
			buildActionMask = 2147483647;
			files = (
			);
			runOnlyForDeploymentPostprocessing = 0;
		};
/* End PBXFrameworksBuildPhase section */

/* Begin PBXGroup section */
		SD00000000000003AA = {
			isa = PBXGroup;
			children = (
				SD0000000000001FAA /* SamuraiDamashii */,
				SD00000000000004AA /* Products */,
			);
			sourceTree = "<group>";
		};
		SD00000000000004AA /* Products */ = {
			isa = PBXGroup;
			children = (
				SD0000000000000EAA /* SamuraiDamashii.app */,
			);
			name = Products;
			sourceTree = "<group>";
		};
		SD0000000000001FAA /* SamuraiDamashii */ = {
			isa = PBXGroup;
			children = (
				SD0000000000000FAA /* SamuraiDamashiiApp.swift */,
				SD00000000000010AA /* ContentView.swift */,
				SD00000000000011AA /* VoiceView.swift */,
				SD00000000000012AA /* FilePickerView.swift */,
				SD00000000000013AA /* TextInputView.swift */,
				SD00000000000014AA /* DeleteView.swift */,
				SD00000000000015AA /* APIService.swift */,
				SD00000000000020AA /* GoogleCalendarService.swift */,
				SD00000000000016AA /* Info.plist */,
				SD00000000000017AA /* SamuraiDamashii.entitlements */,
			);
			path = SamuraiDamashii;
			sourceTree = "<group>";
		};
/* End PBXGroup section */

/* Begin PBXNativeTarget section */
		SD00000000000002AA /* SamuraiDamashii */ = {
			isa = PBXNativeTarget;
			buildConfigurationList = SD00000000000009AA /* Build configuration list for PBXNativeTarget "SamuraiDamashii" */;
			buildPhases = (
				SD00000000000005AA /* Sources */,
				SD00000000000006AA /* Frameworks */,
				SD00000000000007AA /* Resources */,
			);
			buildRules = (
			);
			dependencies = (
			);
			name = SamuraiDamashii;
			productName = SamuraiDamashii;
			productReference = SD0000000000000EAA /* SamuraiDamashii.app */;
			productType = "com.apple.product-type.application";
		};
/* End PBXNativeTarget section */

/* Begin PBXProject section */
		SD00000000000001AA /* Project object */ = {
			isa = PBXProject;
			attributes = {
				BuildIndependentTargetsInParallel = 1;
				LastSwiftUpdateCheck = 1500;
				LastUpgradeCheck = 1500;
				TargetAttributes = {
					SD00000000000002AA = {
						CreatedOnToolsVersion = 15.0;
					};
				};
			};
			buildConfigurationList = SD00000000000008AA /* Build configuration list for PBXProject "SamuraiDamashii" */;
			compatibilityVersion = "Xcode 14.0";
			developmentRegion = ja;
			hasScannedForEncodings = 0;
			knownRegions = (
				ja,
				Base,
			);
			mainGroup = SD00000000000003AA;
			productRefGroup = SD00000000000004AA /* Products */;
			projectDirPath = "";
			projectRoot = "";
			targets = (
				SD00000000000002AA /* SamuraiDamashii */,
			);
		};
/* End PBXProject section */

/* Begin PBXResourcesBuildPhase section */
		SD00000000000007AA /* Resources */ = {
			isa = PBXResourcesBuildPhase;
			buildActionMask = 2147483647;
			files = (
			);
			runOnlyForDeploymentPostprocessing = 0;
		};
/* End PBXResourcesBuildPhase section */

/* Begin PBXSourcesBuildPhase section */
		SD00000000000005AA /* Sources */ = {
			isa = PBXSourcesBuildPhase;
			buildActionMask = 2147483647;
			files = (
				SD00000000000018AA /* SamuraiDamashiiApp.swift in Sources */,
				SD00000000000019AA /* ContentView.swift in Sources */,
				SD0000000000001AAA /* VoiceView.swift in Sources */,
				SD0000000000001BAA /* FilePickerView.swift in Sources */,
				SD0000000000001CAA /* TextInputView.swift in Sources */,
				SD0000000000001DAA /* DeleteView.swift in Sources */,
				SD0000000000001EAA /* APIService.swift in Sources */,
				SD00000000000021AA /* GoogleCalendarService.swift in Sources */,
			);
			runOnlyForDeploymentPostprocessing = 0;
		};
/* End PBXSourcesBuildPhase section */

/* Begin XCBuildConfiguration section */
		SD0000000000000AAA /* Debug */ = {
			isa = XCBuildConfiguration;
			buildSettings = {
				ALWAYS_SEARCH_USER_PATHS = NO;
				CLANG_ANALYZER_NONNULL = YES;
				CLANG_ANALYZER_NUMBER_OBJECT_CONVERSION = YES_AGGRESSIVE;
				CLANG_CXX_LANGUAGE_STANDARD = "gnu++20";
				CLANG_ENABLE_MODULES = YES;
				CLANG_ENABLE_OBJC_ARC = YES;
				CLANG_ENABLE_OBJC_WEAK = YES;
				CLANG_WARN_BLOCK_CAPTURE_AUTORELEASING = YES;
				CLANG_WARN_BOOL_CONVERSION = YES;
				CLANG_WARN_COMMA = YES;
				CLANG_WARN_CONSTANT_CONVERSION = YES;
				CLANG_WARN_DEPRECATED_OBJC_IMPLEMENTATIONS = YES;
				CLANG_WARN_DIRECT_OBJC_ISA_USAGE = YES_ERROR;
				CLANG_WARN_DOCUMENTATION_COMMENTS = YES;
				CLANG_WARN_EMPTY_BODY = YES;
				CLANG_WARN_ENUM_CONVERSION = YES;
				CLANG_WARN_INFINITE_RECURSION = YES;
				CLANG_WARN_INT_CONVERSION = YES;
				CLANG_WARN_NON_LITERAL_NULL_CONVERSION = YES;
				CLANG_WARN_OBJC_IMPLICIT_RETAIN_SELF = YES;
				CLANG_WARN_OBJC_LITERAL_CONVERSION = YES;
				CLANG_WARN_OBJC_ROOT_CLASS = YES_ERROR;
				CLANG_WARN_RANGE_LOOP_ANALYSIS = YES;
				CLANG_WARN_STRICT_PROTOTYPES = YES;
				CLANG_WARN_SUSPICIOUS_MOVE = YES;
				CLANG_WARN_UNGUARDED_AVAILABILITY = YES_AGGRESSIVE;
				CLANG_WARN_UNREACHABLE_CODE = YES;
				CLANG_WARN__DUPLICATE_METHOD_MATCH = YES;
				COPY_PHASE_STRIP = NO;
				DEBUG_INFORMATION_FORMAT = dwarf;
				ENABLE_STRICT_OBJC_MSGSEND = YES;
				ENABLE_TESTABILITY = YES;
				GCC_C_LANGUAGE_STANDARD = gnu17;
				GCC_DYNAMIC_NO_PIC = NO;
				GCC_NO_COMMON_BLOCKS = YES;
				GCC_OPTIMIZATION_LEVEL = 0;
				GCC_PREPROCESSOR_DEFINITIONS = (
					"DEBUG=1",
					"$(inherited)",
				);
				GCC_WARN_64_TO_32_BIT_CONVERSION = YES;
				GCC_WARN_ABOUT_RETURN_TYPE = YES_ERROR;
				GCC_WARN_UNDECLARED_SELECTOR = YES;
				GCC_WARN_UNINITIALIZED_AUTOS = YES_AGGRESSIVE;
				GCC_WARN_UNUSED_FUNCTION = YES;
				GCC_WARN_UNUSED_VARIABLE = YES;
				IPHONEOS_DEPLOYMENT_TARGET = 16.0;
				MTL_ENABLE_DEBUG_INFO = INCLUDE_SOURCE;
				MTL_FAST_MATH = YES;
				ONLY_ACTIVE_ARCH = YES;
				SDKROOT = iphoneos;
				SWIFT_ACTIVE_COMPILATION_CONDITIONS = "DEBUG $(inherited)";
				SWIFT_OPTIMIZATION_LEVEL = "-Onone";
			};
			name = Debug;
		};
		SD0000000000000BAA /* Release */ = {
			isa = XCBuildConfiguration;
			buildSettings = {
				ALWAYS_SEARCH_USER_PATHS = NO;
				CLANG_ANALYZER_NONNULL = YES;
				CLANG_ANALYZER_NUMBER_OBJECT_CONVERSION = YES_AGGRESSIVE;
				CLANG_CXX_LANGUAGE_STANDARD = "gnu++20";
				CLANG_ENABLE_MODULES = YES;
				CLANG_ENABLE_OBJC_ARC = YES;
				CLANG_ENABLE_OBJC_WEAK = YES;
				CLANG_WARN_BLOCK_CAPTURE_AUTORELEASING = YES;
				CLANG_WARN_BOOL_CONVERSION = YES;
				CLANG_WARN_COMMA = YES;
				CLANG_WARN_CONSTANT_CONVERSION = YES;
				CLANG_WARN_DEPRECATED_OBJC_IMPLEMENTATIONS = YES;
				CLANG_WARN_DIRECT_OBJC_ISA_USAGE = YES_ERROR;
				CLANG_WARN_DOCUMENTATION_COMMENTS = YES;
				CLANG_WARN_EMPTY_BODY = YES;
				CLANG_WARN_ENUM_CONVERSION = YES;
				CLANG_WARN_INFINITE_RECURSION = YES;
				CLANG_WARN_INT_CONVERSION = YES;
				CLANG_WARN_NON_LITERAL_NULL_CONVERSION = YES;
				CLANG_WARN_OBJC_IMPLICIT_RETAIN_SELF = YES;
				CLANG_WARN_OBJC_LITERAL_CONVERSION = YES;
				CLANG_WARN_OBJC_ROOT_CLASS = YES_ERROR;
				CLANG_WARN_RANGE_LOOP_ANALYSIS = YES;
				CLANG_WARN_STRICT_PROTOTYPES = YES;
				CLANG_WARN_SUSPICIOUS_MOVE = YES;
				CLANG_WARN_UNGUARDED_AVAILABILITY = YES_AGGRESSIVE;
				CLANG_WARN_UNREACHABLE_CODE = YES;
				CLANG_WARN__DUPLICATE_METHOD_MATCH = YES;
				COPY_PHASE_STRIP = NO;
				DEBUG_INFORMATION_FORMAT = "dwarf-with-dsym";
				ENABLE_NS_ASSERTIONS = NO;
				ENABLE_STRICT_OBJC_MSGSEND = YES;
				GCC_C_LANGUAGE_STANDARD = gnu17;
				GCC_NO_COMMON_BLOCKS = YES;
				GCC_WARN_64_TO_32_BIT_CONVERSION = YES;
				GCC_WARN_ABOUT_RETURN_TYPE = YES_ERROR;
				GCC_WARN_UNDECLARED_SELECTOR = YES;
				GCC_WARN_UNINITIALIZED_AUTOS = YES_AGGRESSIVE;
				GCC_WARN_UNUSED_FUNCTION = YES;
				GCC_WARN_UNUSED_VARIABLE = YES;
				IPHONEOS_DEPLOYMENT_TARGET = 16.0;
				MTL_FAST_MATH = YES;
				SDKROOT = iphoneos;
				SWIFT_COMPILATION_MODE = wholemodule;
				VALIDATE_PRODUCT = YES;
			};
			name = Release;
		};
		SD0000000000000CAA /* Debug */ = {
			isa = XCBuildConfiguration;
			buildSettings = {
				CODE_SIGN_ENTITLEMENTS = SamuraiDamashii/SamuraiDamashii.entitlements;
				CODE_SIGN_STYLE = Automatic;
				CURRENT_PROJECT_VERSION = 1;
				DEVELOPMENT_TEAM = "";
				GENERATE_INFOPLIST_FILE = NO;
				INFOPLIST_FILE = SamuraiDamashii/Info.plist;
				IPHONEOS_DEPLOYMENT_TARGET = 16.0;
				LD_RUNPATH_SEARCH_PATHS = (
					"$(inherited)",
					"@executable_path/Frameworks",
				);
				MARKETING_VERSION = 1.0;
				PRODUCT_BUNDLE_IDENTIFIER = com.samuraidamashii.app;
				PRODUCT_NAME = "$(TARGET_NAME)";
				SWIFT_EMIT_LOC_STRINGS = YES;
				SWIFT_VERSION = 5.0;
				TARGETED_DEVICE_FAMILY = "1,2";
			};
			name = Debug;
		};
		SD0000000000000DAA /* Release */ = {
			isa = XCBuildConfiguration;
			buildSettings = {
				CODE_SIGN_ENTITLEMENTS = SamuraiDamashii/SamuraiDamashii.entitlements;
				CODE_SIGN_STYLE = Automatic;
				CURRENT_PROJECT_VERSION = 1;
				DEVELOPMENT_TEAM = "";
				GENERATE_INFOPLIST_FILE = NO;
				INFOPLIST_FILE = SamuraiDamashii/Info.plist;
				IPHONEOS_DEPLOYMENT_TARGET = 16.0;
				LD_RUNPATH_SEARCH_PATHS = (
					"$(inherited)",
					"@executable_path/Frameworks",
				);
				MARKETING_VERSION = 1.0;
				PRODUCT_BUNDLE_IDENTIFIER = com.samuraidamashii.app;
				PRODUCT_NAME = "$(TARGET_NAME)";
				SWIFT_EMIT_LOC_STRINGS = YES;
				SWIFT_VERSION = 5.0;
				TARGETED_DEVICE_FAMILY = "1,2";
			};
			name = Release;
		};
/* End XCBuildConfiguration section */

/* Begin XCConfigurationList section */
		SD00000000000008AA /* Build configuration list for PBXProject "SamuraiDamashii" */ = {
			isa = XCConfigurationList;
			buildConfigurations = (
				SD0000000000000AAA /* Debug */,
				SD0000000000000BAA /* Release */,
			);
			defaultConfigurationIsVisible = 0;
			defaultConfigurationName = Release;
		};
		SD00000000000009AA /* Build configuration list for PBXNativeTarget "SamuraiDamashii" */ = {
			isa = XCConfigurationList;
			buildConfigurations = (
				SD0000000000000CAA /* Debug */,
				SD0000000000000DAA /* Release */,
			);
			defaultConfigurationIsVisible = 0;
			defaultConfigurationName = Release;
		};
/* End XCConfigurationList section */
	};
	rootObject = SD00000000000001AA /* Project object */;
}
